
Microsoft Visual Studio Solution File, Format Version 12.00
# Visual Studio Version 16
VisualStudioVersion = 16.0.29728.190
MinimumVisualStudioVersion = 10.0.40219.1
Project("{FAE04EC0-301F-11D3-BF4B-00C04F79EFBC}") = "Modul_1_Base_Class_Library", "Modul_1_Base_Class_Library\Modul_1_Base_Class_Library.csproj", "{F2C4CFFD-D561-4657-A2D3-39505FCDE897}"
EndProject
Global
	GlobalSection(SolutionConfigurationPlatforms) = preSolution
		Debug|Any CPU = Debug|Any CPU
		Release|Any CPU = Release|Any CPU
	EndGlobalSection
	GlobalSection(ProjectConfigurationPlatforms) = postSolution
		{F2C4CFFD-D561-4657-A2D3-39505FCDE897}.Debug|Any CPU.ActiveCfg = Debug|Any CPU
		{F2C4CFFD-D561-4657-A2D3-39505FCDE897}.Debug|Any CPU.Build.0 = Debug|Any CPU
		{F2C4CFFD-D561-4657-A2D3-39505FCDE897}.Release|Any CPU.ActiveCfg = Release|Any CPU
		{F2C4CFFD-D561-4657-A2D3-39505FCDE897}.Release|Any CPU.Build.0 = Release|Any CPU
	EndGlobalSection
	GlobalSection(SolutionProperties) = preSolution
		HideSolutionNode = FALSE
	EndGlobalSection
	GlobalSection(ExtensibilityGlobals) = postSolution
		SolutionGuid = {9F16FFA4-DED7-4805-BB0B-07BEED3807C0}
	EndGlobalSection
EndGlobal
